{
  "name": "portifolio",
  "version": "1.0.0",
  "lockfileVersion": 3,
  "requires": true,
  "packages": {
    "": {
      "name": "portifolio",
      "version": "1.0.0",
      "license": "ISC",
      "dependencies": {
        "resend": "^6.28.1"
      },
      "devDependencies": {
        "aeo.js": "^0.0.16"
      }
    },
    "node_modules/@stablelib/base64": {
      "version": "1.0.1",
      "resolved": "https://registry.npmjs.org/@stablelib/base64/-/base64-1.0.1.tgz",
      "integrity": "sha512-1bnPQqSxSuc3Ii6MhBysoWCg58j97aUjuCSZrGSmDxNqtytIi0k8utUenAwTZN4V5mXXYGsVUI9zeBqy+jBOSQ==",
      "license": "MIT"
    },
    "node_modules/@types/minimatch": {
      "version": "5.1.2",
      "resolved": "https://registry.npmjs.org/@types/minimatch/-/minimatch-5.1.2.tgz",
      "integrity": "sha512-K0VQKziLUWkVKiRVrx4a40iPaxTUefQmjtkQofBkYRcoaaL/8rhwDWww9qWbrgicNOgnpIsMxyNIUM4+n6dUIA==",
      "dev": true,
      "license": "MIT"
    },
    "node_modules/aeo.js": {
      "version": "0.0.16",
      "resolved": "https://registry.npmjs.org/aeo.js/-/aeo.js-0.0.16.tgz",
      "integrity": "sha512-azb/u3OPfic3SM4yGBCgXX7/Pl5fNs85m18xUrFJ+45eT43NG5tdhw/5EkNeKxUM46IASqFN8dxxoXCnfNTD9Q==",
      "dev": true,
      "license": "MIT",
      "dependencies": {
        "@types/minimatch": "^5.1.2",
        "minimatch": "^10.2.2"
      },
      "bin": {
        "aeo.js": "dist/cli.mjs",
        "aeojs": "dist/cli.mjs"
      },
      "peerDependencies": {
        "@astrojs/astro": ">=3.0.0",
        "@nuxt/kit": ">=3.0.0",
        "next": ">=13.0.0",
        "react": ">=17.0.0",
        "vite": ">=4.0.0",
        "vue": ">=3.0.0",
        "webpack": ">=5.0.0"
      },
      "peerDependenciesMeta": {
        "@astrojs/astro": {
          "optional": true
        },
        "@nuxt/kit": {
          "optional": true
        },
        "next": {
          "optional": true
        },
        "react": {
          "optional": true
        },
        "vite": {
          "optional": true
        },
        "vue": {
          "optional": true
        },
        "webpack": {
          "optional": true
        }
      }
    },
    "node_modules/balanced-match": {
      "version": "4.0.4",
      "resolved": "https://registry.npmjs.org/balanced-match/-/balanced-match-4.0.4.tgz",
      "integrity": "sha512-BLrgEcRTwX2o6gGxGOCNyMvGSp35YofuYzw9h1IMTRmKqttAZZVU67bdb9Pr2vUHA8+j3i2tJfjO6C6+4myGTA==",
      "dev": true,
      "license": "MIT",
      "engines": {
        "node": "18 || 20 || >=22"
      }
    },
    "node_modules/brace-expansion": {
      "version": "5.0.12",
      "resolved": "https://registry.npmjs.org/brace-expansion/-/brace-expansion-5.0.12.tgz",
      "integrity": "sha512-YovQ3rzhaLMIrDjNDMkNS01tea93qhEhG5xy8f6+R0l+dw3Ki+5sCoIoI942iuLZTHWogWktgwVDhU09iNEimQ==",
      "dev": true,
      "license": "MIT",
      "dependencies": {
        "balanced-match": "^4.0.2"
      },
      "engines": {
        "node": "20 || >=22"
      }
    },
    "node_modules/fast-sha256": {
      "version": "1.3.0",
      "resolved": "https://registry.npmjs.org/fast-sha256/-/fast-sha256-1.3.0.tgz",
      "integrity": "sha512-n11RGP/lrWEFI/bWdygLxhI+pVeo1ZYIVwvvPkW7azl/rOy+F3HYRZ2K5zeE9mmkhQppyv9sQFx0JM9UabnpPQ==",
      "license": "Unlicense"
    },
    "node_modules/minimatch": {
      "version": "10.2.6",
      "resolved": "https://registry.npmjs.org/minimatch/-/minimatch-10.2.6.tgz",
      "integrity": "sha512-vpLQEs+VLCr1nU0BXS07maYoFwlDAH0gngQuuttxIwutDFEMHq2blX+8vpgxDdK3J1PwjCJiep77OitTZ4Ll1A==",
      "dev": true,
      "license": "BlueOak-1.0.0",
      "dependencies": {
        "brace-expansion": "^5.0.8"
      },
      "engines": {
        "node": "18 || 20 || >=22"
      },
      "funding": {
        "url": "https://github.com/sponsors/isaacs"
      }
    },
    "node_modules/postal-mime": {
      "version": "2.7.6",
      "resolved": "https://registry.npmjs.org/postal-mime/-/postal-mime-2.7.6.tgz",
      "integrity": "sha512-UUlyE2KlxmvwMGq060onF/VWU3zD6dVW31FwokQ5v26jWd35fbs2MoTFzh+jXnPwAyV2MULMKXcBInGOl5TO6Q==",
      "license": "MIT-0"
    },
    "node_modules/resend": {
      "version": "6.28.1",
      "resolved": "https://registry.npmjs.org/resend/-/resend-6.28.1.tgz",
      "integrity": "sha512-5VWOcDiWKBt0NWYKXwzY9WJ+LbpQLYw9M6j1DDJYPk7TloHfWOJyaY4EFKoR/KPL0N4m5yO3o96iDoYOX7v+GA==",
      "license": "MIT",
      "dependencies": {
        "postal-mime": "2.7.6",
        "standardwebhooks": "1.1.1"
      },
      "engines": {
        "node": ">=20"
      },
      "peerDependencies": {
        "@react-email/render": "*"
      },
      "peerDependenciesMeta": {
        "@react-email/render": {
          "optional": true
        }
      }
    },
    "node_modules/standardwebhooks": {
      "version": "1.1.1",
      "resolved": "https://registry.npmjs.org/standardwebhooks/-/standardwebhooks-1.1.1.tgz",
      "integrity": "sha512-bCbX9ZEyFkWPsRz7Bl3NuQUJohmwGSev/yhr7vhaGPlc4AfIrspIRa6cPTBuI1ItmrTDJ4d/S2hCsfe4+vQGnQ==",
      "license": "MIT",
      "dependencies": {
        "@stablelib/base64": "^1.0.0",
        "fast-sha256": "^1.3.0"
      }
    }
  }
}
